<?xml version="1.0" encoding="utf-8"?>
<Project ToolsVersion="4.0" xmlns="http://schemas.microsoft.com/developer/msbuild/2003">
  <ItemGroup>
    <Filter Include="Source Files">
      <UniqueIdentifier>{4FC737F1-C7A5-4376-A066-2A32D752A2FF}</UniqueIdentifier>
      <Extensions>cpp;c;cc;cxx;def;odl;idl;hpj;bat;asm;asmx</Extensions>
    </Filter>
    <Filter Include="Header Files">
      <UniqueIdentifier>{93995380-89BD-4b04-88EB-625FBE52EBFB}</UniqueIdentifier>
      <Extensions>h;hh;hpp;hxx;hm;inl;inc;ipp;xsd</Extensions>
    </Filter>
    <Filter Include="Resource Files">
      <UniqueIdentifier>{67DA6AB6-F800-4c08-8B7A-83BB121AAD01}</UniqueIdentifier>
      <Extensions>rc;ico;cur;bmp;dlg;rc2;rct;bin;rgs;gif;jpg;jpeg;jpe;resx;tiff;tif;png;wav;mfcribbon-ms</Extensions>
    </Filter>
    <Filter Include="Source Files\win32">
      <UniqueIdentifier>{55464399-ea0f-441f-acc5-90feefc38543}</UniqueIdentifier>
    </Filter>
    <Filter Include="Header Files\win32">
      <UniqueIdentifier>{d1e0ca79-f7c9-4cd2-980e-9865debd597e}</UniqueIdentifier>
    </Filter>
    <Filter Include="Header Files\shaderc">
      <UniqueIdentifier>{462d1157-ab4d-4a56-8e78-e6af2a00bed9}</UniqueIdentifier>
    </Filter>
  </ItemGroup>
  <ItemGroup>
    <ClInclude Include="..\..\..\include\gpucc.h">
      <Filter>Header Files</Filter>
    </ClInclude>
    <ClInclude Include="..\..\..\include\shaderc\env.h">
      <Filter>Header Files\shaderc</Filter>
    </ClInclude>
    <ClInclude Include="..\..\..\include\shaderc\shaderc.h">
      <Filter>Header Files\shaderc</Filter>
    </ClInclude>
    <ClInclude Include="..\..\..\include\shaderc\status.h">
      <Filter>Header Files\shaderc</Filter>
    </ClInclude>
    <ClInclude Include="..\..\..\include\shaderc\visibility.h">
      <Filter>Header Files\shaderc</Filter>
    </ClInclude>
    <ClInclude Include="..\..\..\include\nvrtc.h">
      <Filter>Header Files</Filter>
    </ClInclude>
    <ClInclude Include="..\..\..\include\gpucc_internal.h">
      <Filter>Header Files</Filter>
    </ClInclude>
    <ClInclude Include="..\..\..\include\win32\gpucc_internal_win32.h">
      <Filter>Header Files\win32</Filter>
    </ClInclude>
    <ClInclude Include="..\..\..\include\win32\dxccompilerapi_win32.h">
      <Filter>Header Files\win32</Filter>
    </ClInclude>
    <ClInclude Include="..\..\..\include\win32\fxccompilerapi_win32.h">
      <Filter>Header Files\win32</Filter>
    </ClInclude>
    <ClInclude Include="..\..\..\include\win32\ptxcompilerapi_win32.h">
      <Filter>Header Files\win32</Filter>
    </ClInclude>
    <ClInclude Include="..\..\..\include\win32\gpucc_compiler_fxc_win32.h">
      <Filter>Header Files\win32</Filter>
    </ClInclude>
    <ClInclude Include="..\..\..\include\win32\gpucc_compiler_dxc_win32.h">
      <Filter>Header Files\win32</Filter>
    </ClInclude>
    <ClInclude Include="..\..\..\include\win32\gpucc_compiler_ptx_win32.h">
      <Filter>Header Files\win32</Filter>
    </ClInclude>
  </ItemGroup>
  <ItemGroup>
    <ClCompile Include="..\..\..\src\win32\dllmain.cc">
      <Filter>Source Files\win32</Filter>
    </ClCompile>
    <ClCompile Include="..\..\..\src\win32\gpucc_internal_win32.cc">
      <Filter>Source Files\win32</Filter>
    </ClCompile>
    <ClCompile Include="..\..\..\src\gpucc.cc">
      <Filter>Source Files</Filter>
    </ClCompile>
    <ClCompile Include="..\..\..\src\win32\fxccompilerapi_win32.cc">
      <Filter>Source Files\win32</Filter>
    </ClCompile>
    <ClCompile Include="..\..\..\src\win32\dxccompilerapi_win32.cc">
      <Filter>Source Files\win32</Filter>
    </ClCompile>
    <ClCompile Include="..\..\..\src\win32\ptxcompilerapi_win32.cc">
      <Filter>Source Files\win32</Filter>
    </ClCompile>
    <ClCompile Include="..\..\..\src\win32\gpucc_compiler_fxc_win32.cc">
      <Filter>Source Files\win32</Filter>
    </ClCompile>
    <ClCompile Include="..\..\..\src\win32\gpucc_platform_win32.cc">
      <Filter>Source Files\win32</Filter>
    </ClCompile>
    <ClCompile Include="..\..\..\src\win32\gpucc_compiler_dxc_win32.cc">
      <Filter>Source Files\win32</Filter>
    </ClCompile>
    <ClCompile Include="..\..\..\src\win32\gpucc_compiler_ptx_win32.cc">
      <Filter>Source Files\win32</Filter>
    </ClCompile>
  </ItemGroup>
  <ItemGroup>
    <None Include="..\..\..\gpucc.def">
      <Filter>Source Files</Filter>
    </None>
  </ItemGroup>
</Project>